
Microsoft Visual Studio Solution File, Format Version 12.00
# Visual Studio Version 17
VisualStudioVersion = 17.7.34031.279
MinimumVisualStudioVersion = 10.0.40219.1
Project("{FAE04EC0-301F-11D3-BF4B-00C04F79EFBC}") = "4. Task3", "4. Task3.csproj", "{DC84C718-88B6-460E-B601-F4F3578191DE}"
EndProject
Global
	GlobalSection(SolutionConfigurationPlatforms) = preSolution
		Debug|Any CPU = Debug|Any CPU
		Release|Any CPU = Release|Any CPU
	EndGlobalSection
	GlobalSection(ProjectConfigurationPlatforms) = postSolution
		{DC84C718-88B6-460E-B601-F4F3578191DE}.Debug|Any CPU.ActiveCfg = Debug|Any CPU
		{DC84C718-88B6-460E-B601-F4F3578191DE}.Debug|Any CPU.Build.0 = Debug|Any CPU
		{DC84C718-88B6-460E-B601-F4F3578191DE}.Release|Any CPU.ActiveCfg = Release|Any CPU
		{DC84C718-88B6-460E-B601-F4F3578191DE}.Release|Any CPU.Build.0 = Release|Any CPU
	EndGlobalSection
	GlobalSection(SolutionProperties) = preSolution
		HideSolutionNode = FALSE
	EndGlobalSection
	GlobalSection(ExtensibilityGlobals) = postSolution
		SolutionGuid = {A757B94D-D6C7-4E8E-88F0-6AE9A14ED30C}
	EndGlobalSection
EndGlobal
