
Microsoft Visual Studio Solution File, Format Version 12.00
# Visual Studio Version 17
VisualStudioVersion = 17.7.34031.279
MinimumVisualStudioVersion = 10.0.40219.1
Project("{FAE04EC0-301F-11D3-BF4B-00C04F79EFBC}") = "2. Task2", "2. Task2.csproj", "{18DB8A3B-9CE5-4A4A-82DB-5195DD4B038C}"
EndProject
Global
	GlobalSection(SolutionConfigurationPlatforms) = preSolution
		Debug|Any CPU = Debug|Any CPU
		Release|Any CPU = Release|Any CPU
	EndGlobalSection
	GlobalSection(ProjectConfigurationPlatforms) = postSolution
		{18DB8A3B-9CE5-4A4A-82DB-5195DD4B038C}.Debug|Any CPU.ActiveCfg = Debug|Any CPU
		{18DB8A3B-9CE5-4A4A-82DB-5195DD4B038C}.Debug|Any CPU.Build.0 = Debug|Any CPU
		{18DB8A3B-9CE5-4A4A-82DB-5195DD4B038C}.Release|Any CPU.ActiveCfg = Release|Any CPU
		{18DB8A3B-9CE5-4A4A-82DB-5195DD4B038C}.Release|Any CPU.Build.0 = Release|Any CPU
	EndGlobalSection
	GlobalSection(SolutionProperties) = preSolution
		HideSolutionNode = FALSE
	EndGlobalSection
	GlobalSection(ExtensibilityGlobals) = postSolution
		SolutionGuid = {2F95BF8B-82BE-47A8-9399-CAE6999F5F99}
	EndGlobalSection
EndGlobal
